
Microsoft Visual Studio Solution File, Format Version 12.00
# Visual Studio Version 16
VisualStudioVersion = 16.0.30413.136
MinimumVisualStudioVersion = 10.0.40219.1
Project("{FAE04EC0-301F-11D3-BF4B-00C04F79EFBC}") = "dotnetcoreangular1", "dotnetcoreangular1\dotnetcoreangular1.csproj", "{93248BC1-39AA-4F6B-9DCF-C4A496EE016E}"
EndProject
Global
	GlobalSection(SolutionConfigurationPlatforms) = preSolution
		Debug|Any CPU = Debug|Any CPU
		Release|Any CPU = Release|Any CPU
	EndGlobalSection
	GlobalSection(ProjectConfigurationPlatforms) = postSolution
		{93248BC1-39AA-4F6B-9DCF-C4A496EE016E}.Debug|Any CPU.ActiveCfg = Debug|Any CPU
		{93248BC1-39AA-4F6B-9DCF-C4A496EE016E}.Debug|Any CPU.Build.0 = Debug|Any CPU
		{93248BC1-39AA-4F6B-9DCF-C4A496EE016E}.Release|Any CPU.ActiveCfg = Release|Any CPU
		{93248BC1-39AA-4F6B-9DCF-C4A496EE016E}.Release|Any CPU.Build.0 = Release|Any CPU
	EndGlobalSection
	GlobalSection(SolutionProperties) = preSolution
		HideSolutionNode = FALSE
	EndGlobalSection
	GlobalSection(ExtensibilityGlobals) = postSolution
		SolutionGuid = {6D6F85A7-34AC-472D-B720-05FE431022B7}
	EndGlobalSection
EndGlobal
